
Microsoft Visual Studio Solution File, Format Version 12.00
# Visual Studio Version 17
VisualStudioVersion = 17.0.31410.414
MinimumVisualStudioVersion = 10.0.40219.1
Project("{9A19103F-16F7-4668-BE54-9A1E7A4F7556}") = "Data", "Data\Data.csproj", "{AFFC8D39-9806-40AA-9D31-9314F55798E0}"
EndProject
Project("{9A19103F-16F7-4668-BE54-9A1E7A4F7556}") = "Models", "Models\Models.csproj", "{FACE8016-4966-4A51-81C1-4E24B015A518}"
EndProject
Project("{9A19103F-16F7-4668-BE54-9A1E7A4F7556}") = "AdminClient", "AdminClient\AdminClient.csproj", "{BA558D1D-E954-403D-995C-B15D65BBD0F0}"
EndProject
Project("{9A19103F-16F7-4668-BE54-9A1E7A4F7556}") = "AdminServer", "AdminServer\AdminServer.csproj", "{D2EABD17-8E31-45A6-899D-3D443CA8FB71}"
EndProject
Project("{9A19103F-16F7-4668-BE54-9A1E7A4F7556}") = "Constants", "Constants\Constants.csproj", "{545A572D-2579-4297-80B6-3EC87ABEC94D}"
EndProject
Project("{2150E333-8FDC-42A3-9474-1A3956D46DE8}") = "Basics", "Basics", "{A40FFBE6-8233-4778-8E51-16F03FA3A14A}"
EndProject
Project("{9A19103F-16F7-4668-BE54-9A1E7A4F7556}") = "BaseModels", "Basics\BaseModels\BaseModels.csproj", "{8DB30C02-5F6F-42BA-AFB0-710F4344EB91}"
EndProject
Project("{9A19103F-16F7-4668-BE54-9A1E7A4F7556}") = "AdminBaseComponenets", "Basics\AdminBaseComponenets\AdminBaseComponenets.csproj", "{AB8909CD-99B4-400B-A170-073486FAEDA6}"
EndProject
Project("{9A19103F-16F7-4668-BE54-9A1E7A4F7556}") = "Client", "Basics\Client\Client.csproj", "{5AA1EEB1-6CE9-46A3-9DD7-5ECF7B25D4C2}"
EndProject
Project("{9A19103F-16F7-4668-BE54-9A1E7A4F7556}") = "AdminClientViewModels", "Basics\AdminClientViewModels\AdminClientViewModels.csproj", "{9BF3C462-54F4-4878-B40C-7A4BDF1477E1}"
EndProject
Project("{9A19103F-16F7-4668-BE54-9A1E7A4F7556}") = "ExtraBaseQueryTool", "Basics\ExtraBaseQueryTool\ExtraBaseQueryTool.csproj", "{EE93FAF5-F91E-45ED-8918-3D474A577BE2}"
EndProject
Project("{9A19103F-16F7-4668-BE54-9A1E7A4F7556}") = "BaseDataAnottaions", "Basics\BaseDataAnottaions\BaseDataAnottaions.csproj", "{3BC02957-B573-4C31-8B3A-B92F8410FFB4}"
EndProject
Project("{2150E333-8FDC-42A3-9474-1A3956D46DE8}") = "Solution Items", "Solution Items", "{193677C4-BB38-4308-AB7F-1FC2D3B4423C}"
EndProject
Project("{9A19103F-16F7-4668-BE54-9A1E7A4F7556}") = "AdminApiTest", "AdminApiTests\AdminApiTest.csproj", "{3F5BC299-E34D-49B3-AEBC-72932536DB39}"
EndProject
Project("{9A19103F-16F7-4668-BE54-9A1E7A4F7556}") = "WebApplication", "WebApplication\WebApplication.csproj", "{9A365C04-64DB-43B2-80CC-B0BEF8F79A0A}"
EndProject
Project("{9A19103F-16F7-4668-BE54-9A1E7A4F7556}") = "NewRepositoris", "NewRepositoris\NewRepositoris.csproj", "{4C7FB3E7-4991-41A6-9AFA-111A1E00CA61}"
EndProject
Project("{FAE04EC0-301F-11D3-BF4B-00C04F79EFBC}") = "ConsoleAdmin", "ConsoleAdmin\ConsoleAdmin.csproj", "{ABEF19EB-16B7-4F29-8AB6-19B046E26BC6}"
EndProject
Project("{FAE04EC0-301F-11D3-BF4B-00C04F79EFBC}") = "AdminModels", "AdminModels\AdminModels.csproj", "{FB1AE2FD-7C83-4853-8F56-387DA5FD18F3}"
EndProject
Project("{FAE04EC0-301F-11D3-BF4B-00C04F79EFBC}") = "Google.Apis.Auth", "google-api-dotnet-client\Src\Support\Google.Apis.Auth\Google.Apis.Auth.csproj", "{93549934-32CF-4FE1-AF7D-74C9D94D2788}"
EndProject
Project("{FAE04EC0-301F-11D3-BF4B-00C04F79EFBC}") = "WebApiTests", "WebApiTests\WebApiTests.csproj", "{00D384FB-D209-43C3-BEA3-7723B5ED2914}"
EndProject
Project("{FAE04EC0-301F-11D3-BF4B-00C04F79EFBC}") = "ConsoleApp1", "DicomUtilsCS\ConsoleApp1\ConsoleApp1.csproj", "{41172F76-8A36-47C4-A236-6FDF83B93159}"
EndProject
Project("{FAE04EC0-301F-11D3-BF4B-00C04F79EFBC}") = "FO-DICOM.Core", "DicomUtilsCS\fo-dicom\FO-DICOM.Core\FO-DICOM.Core.csproj", "{13A479A3-39E5-4113-935A-09CF45A1EB14}"
EndProject
Project("{FAE04EC0-301F-11D3-BF4B-00C04F79EFBC}") = "FO-DICOM.Json", "DicomUtilsCS\fo-dicom\Serialization\FO-DICOM.Json\FO-DICOM.Json.csproj", "{F87C6627-B66F-4042-9F59-EDB0FB60E043}"
EndProject
Global
	GlobalSection(SolutionConfigurationPlatforms) = preSolution
		Debug|Any CPU = Debug|Any CPU
		Debug|x64 = Debug|x64
		Release|Any CPU = Release|Any CPU
		Release|x64 = Release|x64
	EndGlobalSection
	GlobalSection(ProjectConfigurationPlatforms) = postSolution
		{AFFC8D39-9806-40AA-9D31-9314F55798E0}.Debug|Any CPU.ActiveCfg = Debug|Any CPU
		{AFFC8D39-9806-40AA-9D31-9314F55798E0}.Debug|Any CPU.Build.0 = Debug|Any CPU
		{AFFC8D39-9806-40AA-9D31-9314F55798E0}.Debug|x64.ActiveCfg = Debug|Any CPU
		{AFFC8D39-9806-40AA-9D31-9314F55798E0}.Debug|x64.Build.0 = Debug|Any CPU
		{AFFC8D39-9806-40AA-9D31-9314F55798E0}.Release|Any CPU.ActiveCfg = Release|Any CPU
		{AFFC8D39-9806-40AA-9D31-9314F55798E0}.Release|Any CPU.Build.0 = Release|Any CPU
		{AFFC8D39-9806-40AA-9D31-9314F55798E0}.Release|x64.ActiveCfg = Release|Any CPU
		{AFFC8D39-9806-40AA-9D31-9314F55798E0}.Release|x64.Build.0 = Release|Any CPU
		{FACE8016-4966-4A51-81C1-4E24B015A518}.Debug|Any CPU.ActiveCfg = Debug|Any CPU
		{FACE8016-4966-4A51-81C1-4E24B015A518}.Debug|Any CPU.Build.0 = Debug|Any CPU
		{FACE8016-4966-4A51-81C1-4E24B015A518}.Debug|x64.ActiveCfg = Debug|Any CPU
		{FACE8016-4966-4A51-81C1-4E24B015A518}.Debug|x64.Build.0 = Debug|Any CPU
		{FACE8016-4966-4A51-81C1-4E24B015A518}.Release|Any CPU.ActiveCfg = Release|Any CPU
		{FACE8016-4966-4A51-81C1-4E24B015A518}.Release|Any CPU.Build.0 = Release|Any CPU
		{FACE8016-4966-4A51-81C1-4E24B015A518}.Release|x64.ActiveCfg = Release|Any CPU
		{FACE8016-4966-4A51-81C1-4E24B015A518}.Release|x64.Build.0 = Release|Any CPU
		{BA558D1D-E954-403D-995C-B15D65BBD0F0}.Debug|Any CPU.ActiveCfg = Debug|Any CPU
		{BA558D1D-E954-403D-995C-B15D65BBD0F0}.Debug|Any CPU.Build.0 = Debug|Any CPU
		{BA558D1D-E954-403D-995C-B15D65BBD0F0}.Debug|x64.ActiveCfg = Debug|Any CPU
		{BA558D1D-E954-403D-995C-B15D65BBD0F0}.Debug|x64.Build.0 = Debug|Any CPU
		{BA558D1D-E954-403D-995C-B15D65BBD0F0}.Release|Any CPU.ActiveCfg = Release|Any CPU
		{BA558D1D-E954-403D-995C-B15D65BBD0F0}.Release|Any CPU.Build.0 = Release|Any CPU
		{BA558D1D-E954-403D-995C-B15D65BBD0F0}.Release|x64.ActiveCfg = Release|Any CPU
		{BA558D1D-E954-403D-995C-B15D65BBD0F0}.Release|x64.Build.0 = Release|Any CPU
		{D2EABD17-8E31-45A6-899D-3D443CA8FB71}.Debug|Any CPU.ActiveCfg = Debug|Any CPU
		{D2EABD17-8E31-45A6-899D-3D443CA8FB71}.Debug|Any CPU.Build.0 = Debug|Any CPU
		{D2EABD17-8E31-45A6-899D-3D443CA8FB71}.Debug|x64.ActiveCfg = Debug|Any CPU
		{D2EABD17-8E31-45A6-899D-3D443CA8FB71}.Debug|x64.Build.0 = Debug|Any CPU
		{D2EABD17-8E31-45A6-899D-3D443CA8FB71}.Release|Any CPU.ActiveCfg = Release|Any CPU
		{D2EABD17-8E31-45A6-899D-3D443CA8FB71}.Release|Any CPU.Build.0 = Release|Any CPU
		{D2EABD17-8E31-45A6-899D-3D443CA8FB71}.Release|x64.ActiveCfg = Release|Any CPU
		{D2EABD17-8E31-45A6-899D-3D443CA8FB71}.Release|x64.Build.0 = Release|Any CPU
		{545A572D-2579-4297-80B6-3EC87ABEC94D}.Debug|Any CPU.ActiveCfg = Debug|Any CPU
		{545A572D-2579-4297-80B6-3EC87ABEC94D}.Debug|Any CPU.Build.0 = Debug|Any CPU
		{545A572D-2579-4297-80B6-3EC87ABEC94D}.Debug|x64.ActiveCfg = Debug|Any CPU
		{545A572D-2579-4297-80B6-3EC87ABEC94D}.Debug|x64.Build.0 = Debug|Any CPU
		{545A572D-2579-4297-80B6-3EC87ABEC94D}.Release|Any CPU.ActiveCfg = Release|Any CPU
		{545A572D-2579-4297-80B6-3EC87ABEC94D}.Release|Any CPU.Build.0 = Release|Any CPU
		{545A572D-2579-4297-80B6-3EC87ABEC94D}.Release|x64.ActiveCfg = Release|Any CPU
		{545A572D-2579-4297-80B6-3EC87ABEC94D}.Release|x64.Build.0 = Release|Any CPU
		{8DB30C02-5F6F-42BA-AFB0-710F4344EB91}.Debug|Any CPU.ActiveCfg = Debug|Any CPU
		{8DB30C02-5F6F-42BA-AFB0-710F4344EB91}.Debug|Any CPU.Build.0 = Debug|Any CPU
		{8DB30C02-5F6F-42BA-AFB0-710F4344EB91}.Debug|x64.ActiveCfg = Debug|Any CPU
		{8DB30C02-5F6F-42BA-AFB0-710F4344EB91}.Debug|x64.Build.0 = Debug|Any CPU
		{8DB30C02-5F6F-42BA-AFB0-710F4344EB91}.Release|Any CPU.ActiveCfg = Release|Any CPU
		{8DB30C02-5F6F-42BA-AFB0-710F4344EB91}.Release|Any CPU.Build.0 = Release|Any CPU
		{8DB30C02-5F6F-42BA-AFB0-710F4344EB91}.Release|x64.ActiveCfg = Release|Any CPU
		{8DB30C02-5F6F-42BA-AFB0-710F4344EB91}.Release|x64.Build.0 = Release|Any CPU
		{AB8909CD-99B4-400B-A170-073486FAEDA6}.Debug|Any CPU.ActiveCfg = Debug|Any CPU
		{AB8909CD-99B4-400B-A170-073486FAEDA6}.Debug|Any CPU.Build.0 = Debug|Any CPU
		{AB8909CD-99B4-400B-A170-073486FAEDA6}.Debug|x64.ActiveCfg = Debug|Any CPU
		{AB8909CD-99B4-400B-A170-073486FAEDA6}.Debug|x64.Build.0 = Debug|Any CPU
		{AB8909CD-99B4-400B-A170-073486FAEDA6}.Release|Any CPU.ActiveCfg = Release|Any CPU
		{AB8909CD-99B4-400B-A170-073486FAEDA6}.Release|Any CPU.Build.0 = Release|Any CPU
		{AB8909CD-99B4-400B-A170-073486FAEDA6}.Release|x64.ActiveCfg = Release|Any CPU
		{AB8909CD-99B4-400B-A170-073486FAEDA6}.Release|x64.Build.0 = Release|Any CPU
		{5AA1EEB1-6CE9-46A3-9DD7-5ECF7B25D4C2}.Debug|Any CPU.ActiveCfg = Debug|Any CPU
		{5AA1EEB1-6CE9-46A3-9DD7-5ECF7B25D4C2}.Debug|Any CPU.Build.0 = Debug|Any CPU
		{5AA1EEB1-6CE9-46A3-9DD7-5ECF7B25D4C2}.Debug|x64.ActiveCfg = Debug|Any CPU
		{5AA1EEB1-6CE9-46A3-9DD7-5ECF7B25D4C2}.Debug|x64.Build.0 = Debug|Any CPU
		{5AA1EEB1-6CE9-46A3-9DD7-5ECF7B25D4C2}.Release|Any CPU.ActiveCfg = Release|Any CPU
		{5AA1EEB1-6CE9-46A3-9DD7-5ECF7B25D4C2}.Release|Any CPU.Build.0 = Release|Any CPU
		{5AA1EEB1-6CE9-46A3-9DD7-5ECF7B25D4C2}.Release|x64.ActiveCfg = Release|Any CPU
		{5AA1EEB1-6CE9-46A3-9DD7-5ECF7B25D4C2}.Release|x64.Build.0 = Release|Any CPU
		{9BF3C462-54F4-4878-B40C-7A4BDF1477E1}.Debug|Any CPU.ActiveCfg = Debug|Any CPU
		{9BF3C462-54F4-4878-B40C-7A4BDF1477E1}.Debug|Any CPU.Build.0 = Debug|Any CPU
		{9BF3C462-54F4-4878-B40C-7A4BDF1477E1}.Debug|x64.ActiveCfg = Debug|Any CPU
		{9BF3C462-54F4-4878-B40C-7A4BDF1477E1}.Debug|x64.Build.0 = Debug|Any CPU
		{9BF3C462-54F4-4878-B40C-7A4BDF1477E1}.Release|Any CPU.ActiveCfg = Release|Any CPU
		{9BF3C462-54F4-4878-B40C-7A4BDF1477E1}.Release|Any CPU.Build.0 = Release|Any CPU
		{9BF3C462-54F4-4878-B40C-7A4BDF1477E1}.Release|x64.ActiveCfg = Release|Any CPU
		{9BF3C462-54F4-4878-B40C-7A4BDF1477E1}.Release|x64.Build.0 = Release|Any CPU
		{EE93FAF5-F91E-45ED-8918-3D474A577BE2}.Debug|Any CPU.ActiveCfg = Debug|Any CPU
		{EE93FAF5-F91E-45ED-8918-3D474A577BE2}.Debug|Any CPU.Build.0 = Debug|Any CPU
		{EE93FAF5-F91E-45ED-8918-3D474A577BE2}.Debug|x64.ActiveCfg = Debug|Any CPU
		{EE93FAF5-F91E-45ED-8918-3D474A577BE2}.Debug|x64.Build.0 = Debug|Any CPU
		{EE93FAF5-F91E-45ED-8918-3D474A577BE2}.Release|Any CPU.ActiveCfg = Release|Any CPU
		{EE93FAF5-F91E-45ED-8918-3D474A577BE2}.Release|Any CPU.Build.0 = Release|Any CPU
		{EE93FAF5-F91E-45ED-8918-3D474A577BE2}.Release|x64.ActiveCfg = Release|Any CPU
		{EE93FAF5-F91E-45ED-8918-3D474A577BE2}.Release|x64.Build.0 = Release|Any CPU
		{3BC02957-B573-4C31-8B3A-B92F8410FFB4}.Debug|Any CPU.ActiveCfg = Debug|Any CPU
		{3BC02957-B573-4C31-8B3A-B92F8410FFB4}.Debug|Any CPU.Build.0 = Debug|Any CPU
		{3BC02957-B573-4C31-8B3A-B92F8410FFB4}.Debug|x64.ActiveCfg = Debug|Any CPU
		{3BC02957-B573-4C31-8B3A-B92F8410FFB4}.Debug|x64.Build.0 = Debug|Any CPU
		{3BC02957-B573-4C31-8B3A-B92F8410FFB4}.Release|Any CPU.ActiveCfg = Release|Any CPU
		{3BC02957-B573-4C31-8B3A-B92F8410FFB4}.Release|Any CPU.Build.0 = Release|Any CPU
		{3BC02957-B573-4C31-8B3A-B92F8410FFB4}.Release|x64.ActiveCfg = Release|Any CPU
		{3BC02957-B573-4C31-8B3A-B92F8410FFB4}.Release|x64.Build.0 = Release|Any CPU
		{01028A9F-5A1F-4EF0-911E-282F3A392996}.Debug|Any CPU.ActiveCfg = Debug|Any CPU
		{01028A9F-5A1F-4EF0-911E-282F3A392996}.Debug|Any CPU.Build.0 = Debug|Any CPU
		{01028A9F-5A1F-4EF0-911E-282F3A392996}.Debug|x64.ActiveCfg = Debug|Any CPU
		{01028A9F-5A1F-4EF0-911E-282F3A392996}.Debug|x64.Build.0 = Debug|Any CPU
		{01028A9F-5A1F-4EF0-911E-282F3A392996}.Release|Any CPU.ActiveCfg = Release|Any CPU
		{01028A9F-5A1F-4EF0-911E-282F3A392996}.Release|Any CPU.Build.0 = Release|Any CPU
		{01028A9F-5A1F-4EF0-911E-282F3A392996}.Release|x64.ActiveCfg = Release|Any CPU
		{01028A9F-5A1F-4EF0-911E-282F3A392996}.Release|x64.Build.0 = Release|Any CPU
		{3F5BC299-E34D-49B3-AEBC-72932536DB39}.Debug|Any CPU.ActiveCfg = Debug|Any CPU
		{3F5BC299-E34D-49B3-AEBC-72932536DB39}.Debug|Any CPU.Build.0 = Debug|Any CPU
		{3F5BC299-E34D-49B3-AEBC-72932536DB39}.Debug|x64.ActiveCfg = Debug|Any CPU
		{3F5BC299-E34D-49B3-AEBC-72932536DB39}.Debug|x64.Build.0 = Debug|Any CPU
		{3F5BC299-E34D-49B3-AEBC-72932536DB39}.Release|Any CPU.ActiveCfg = Release|Any CPU
		{3F5BC299-E34D-49B3-AEBC-72932536DB39}.Release|Any CPU.Build.0 = Release|Any CPU
		{3F5BC299-E34D-49B3-AEBC-72932536DB39}.Release|x64.ActiveCfg = Release|Any CPU
		{3F5BC299-E34D-49B3-AEBC-72932536DB39}.Release|x64.Build.0 = Release|Any CPU
		{560E8E7B-F5A0-4725-916B-DE2340C104A7}.Debug|Any CPU.ActiveCfg = Debug|Any CPU
		{560E8E7B-F5A0-4725-916B-DE2340C104A7}.Debug|Any CPU.Build.0 = Debug|Any CPU
		{560E8E7B-F5A0-4725-916B-DE2340C104A7}.Debug|x64.ActiveCfg = Debug|Any CPU
		{560E8E7B-F5A0-4725-916B-DE2340C104A7}.Debug|x64.Build.0 = Debug|Any CPU
		{560E8E7B-F5A0-4725-916B-DE2340C104A7}.Release|Any CPU.ActiveCfg = Release|Any CPU
		{560E8E7B-F5A0-4725-916B-DE2340C104A7}.Release|Any CPU.Build.0 = Release|Any CPU
		{560E8E7B-F5A0-4725-916B-DE2340C104A7}.Release|x64.ActiveCfg = Release|Any CPU
		{560E8E7B-F5A0-4725-916B-DE2340C104A7}.Release|x64.Build.0 = Release|Any CPU
		{AF139D2B-D155-44A3-BEE9-6A639299B3B9}.Debug|Any CPU.ActiveCfg = Debug|Any CPU
		{AF139D2B-D155-44A3-BEE9-6A639299B3B9}.Debug|Any CPU.Build.0 = Debug|Any CPU
		{AF139D2B-D155-44A3-BEE9-6A639299B3B9}.Debug|x64.ActiveCfg = Debug|Any CPU
		{AF139D2B-D155-44A3-BEE9-6A639299B3B9}.Debug|x64.Build.0 = Debug|Any CPU
		{AF139D2B-D155-44A3-BEE9-6A639299B3B9}.Release|Any CPU.ActiveCfg = Release|Any CPU
		{AF139D2B-D155-44A3-BEE9-6A639299B3B9}.Release|Any CPU.Build.0 = Release|Any CPU
		{AF139D2B-D155-44A3-BEE9-6A639299B3B9}.Release|x64.ActiveCfg = Release|Any CPU
		{AF139D2B-D155-44A3-BEE9-6A639299B3B9}.Release|x64.Build.0 = Release|Any CPU
		{CB0243D3-E621-4677-A05D-50FAEC6AC8B0}.Debug|Any CPU.ActiveCfg = Debug|Any CPU
		{CB0243D3-E621-4677-A05D-50FAEC6AC8B0}.Debug|Any CPU.Build.0 = Debug|Any CPU
		{CB0243D3-E621-4677-A05D-50FAEC6AC8B0}.Debug|x64.ActiveCfg = Debug|Any CPU
		{CB0243D3-E621-4677-A05D-50FAEC6AC8B0}.Debug|x64.Build.0 = Debug|Any CPU
		{CB0243D3-E621-4677-A05D-50FAEC6AC8B0}.Release|Any CPU.ActiveCfg = Release|Any CPU
		{CB0243D3-E621-4677-A05D-50FAEC6AC8B0}.Release|Any CPU.Build.0 = Release|Any CPU
		{CB0243D3-E621-4677-A05D-50FAEC6AC8B0}.Release|x64.ActiveCfg = Release|Any CPU
		{CB0243D3-E621-4677-A05D-50FAEC6AC8B0}.Release|x64.Build.0 = Release|Any CPU
		{9A365C04-64DB-43B2-80CC-B0BEF8F79A0A}.Debug|Any CPU.ActiveCfg = Debug|Any CPU
		{9A365C04-64DB-43B2-80CC-B0BEF8F79A0A}.Debug|Any CPU.Build.0 = Debug|Any CPU
		{9A365C04-64DB-43B2-80CC-B0BEF8F79A0A}.Debug|x64.ActiveCfg = Debug|Any CPU
		{9A365C04-64DB-43B2-80CC-B0BEF8F79A0A}.Debug|x64.Build.0 = Debug|Any CPU
		{9A365C04-64DB-43B2-80CC-B0BEF8F79A0A}.Release|Any CPU.ActiveCfg = Release|Any CPU
		{9A365C04-64DB-43B2-80CC-B0BEF8F79A0A}.Release|Any CPU.Build.0 = Release|Any CPU
		{9A365C04-64DB-43B2-80CC-B0BEF8F79A0A}.Release|x64.ActiveCfg = Release|Any CPU
		{9A365C04-64DB-43B2-80CC-B0BEF8F79A0A}.Release|x64.Build.0 = Release|Any CPU
		{F9777713-A5F5-4BF1-B02F-A5853FF282CF}.Debug|Any CPU.ActiveCfg = Debug|Any CPU
		{F9777713-A5F5-4BF1-B02F-A5853FF282CF}.Debug|Any CPU.Build.0 = Debug|Any CPU
		{F9777713-A5F5-4BF1-B02F-A5853FF282CF}.Debug|x64.ActiveCfg = Debug|Any CPU
		{F9777713-A5F5-4BF1-B02F-A5853FF282CF}.Debug|x64.Build.0 = Debug|Any CPU
		{F9777713-A5F5-4BF1-B02F-A5853FF282CF}.Release|Any CPU.ActiveCfg = Release|Any CPU
		{F9777713-A5F5-4BF1-B02F-A5853FF282CF}.Release|Any CPU.Build.0 = Release|Any CPU
		{F9777713-A5F5-4BF1-B02F-A5853FF282CF}.Release|x64.ActiveCfg = Release|Any CPU
		{F9777713-A5F5-4BF1-B02F-A5853FF282CF}.Release|x64.Build.0 = Release|Any CPU
		{BFC9478C-679F-41BF-B7C4-994EAF825DEB}.Debug|Any CPU.ActiveCfg = Debug|Any CPU
		{BFC9478C-679F-41BF-B7C4-994EAF825DEB}.Debug|Any CPU.Build.0 = Debug|Any CPU
		{BFC9478C-679F-41BF-B7C4-994EAF825DEB}.Debug|x64.ActiveCfg = Debug|Any CPU
		{BFC9478C-679F-41BF-B7C4-994EAF825DEB}.Debug|x64.Build.0 = Debug|Any CPU
		{BFC9478C-679F-41BF-B7C4-994EAF825DEB}.Release|Any CPU.ActiveCfg = Release|Any CPU
		{BFC9478C-679F-41BF-B7C4-994EAF825DEB}.Release|Any CPU.Build.0 = Release|Any CPU
		{BFC9478C-679F-41BF-B7C4-994EAF825DEB}.Release|x64.ActiveCfg = Release|Any CPU
		{BFC9478C-679F-41BF-B7C4-994EAF825DEB}.Release|x64.Build.0 = Release|Any CPU
		{16A86644-1112-44D9-97A6-678F74140F1F}.Debug|Any CPU.ActiveCfg = Debug|Any CPU
		{16A86644-1112-44D9-97A6-678F74140F1F}.Debug|Any CPU.Build.0 = Debug|Any CPU
		{16A86644-1112-44D9-97A6-678F74140F1F}.Debug|x64.ActiveCfg = Debug|Any CPU
		{16A86644-1112-44D9-97A6-678F74140F1F}.Debug|x64.Build.0 = Debug|Any CPU
		{16A86644-1112-44D9-97A6-678F74140F1F}.Release|Any CPU.ActiveCfg = Release|Any CPU
		{16A86644-1112-44D9-97A6-678F74140F1F}.Release|Any CPU.Build.0 = Release|Any CPU
		{16A86644-1112-44D9-97A6-678F74140F1F}.Release|x64.ActiveCfg = Release|Any CPU
		{16A86644-1112-44D9-97A6-678F74140F1F}.Release|x64.Build.0 = Release|Any CPU
		{4C7FB3E7-4991-41A6-9AFA-111A1E00CA61}.Debug|Any CPU.ActiveCfg = Debug|Any CPU
		{4C7FB3E7-4991-41A6-9AFA-111A1E00CA61}.Debug|Any CPU.Build.0 = Debug|Any CPU
		{4C7FB3E7-4991-41A6-9AFA-111A1E00CA61}.Debug|x64.ActiveCfg = Debug|Any CPU
		{4C7FB3E7-4991-41A6-9AFA-111A1E00CA61}.Debug|x64.Build.0 = Debug|Any CPU
		{4C7FB3E7-4991-41A6-9AFA-111A1E00CA61}.Release|Any CPU.ActiveCfg = Release|Any CPU
		{4C7FB3E7-4991-41A6-9AFA-111A1E00CA61}.Release|Any CPU.Build.0 = Release|Any CPU
		{4C7FB3E7-4991-41A6-9AFA-111A1E00CA61}.Release|x64.ActiveCfg = Release|Any CPU
		{4C7FB3E7-4991-41A6-9AFA-111A1E00CA61}.Release|x64.Build.0 = Release|Any CPU
		{F38A97D2-1A6D-49C6-8D4C-A84B80B334EC}.Debug|Any CPU.ActiveCfg = Debug|Any CPU
		{F38A97D2-1A6D-49C6-8D4C-A84B80B334EC}.Debug|Any CPU.Build.0 = Debug|Any CPU
		{F38A97D2-1A6D-49C6-8D4C-A84B80B334EC}.Debug|x64.ActiveCfg = Debug|Any CPU
		{F38A97D2-1A6D-49C6-8D4C-A84B80B334EC}.Debug|x64.Build.0 = Debug|Any CPU
		{F38A97D2-1A6D-49C6-8D4C-A84B80B334EC}.Release|Any CPU.ActiveCfg = Release|Any CPU
		{F38A97D2-1A6D-49C6-8D4C-A84B80B334EC}.Release|Any CPU.Build.0 = Release|Any CPU
		{F38A97D2-1A6D-49C6-8D4C-A84B80B334EC}.Release|x64.ActiveCfg = Release|Any CPU
		{F38A97D2-1A6D-49C6-8D4C-A84B80B334EC}.Release|x64.Build.0 = Release|Any CPU
		{E89097E8-718D-4A45-B25D-FA8315C3576D}.Debug|Any CPU.ActiveCfg = Debug|Any CPU
		{E89097E8-718D-4A45-B25D-FA8315C3576D}.Debug|Any CPU.Build.0 = Debug|Any CPU
		{E89097E8-718D-4A45-B25D-FA8315C3576D}.Debug|x64.ActiveCfg = Debug|Any CPU
		{E89097E8-718D-4A45-B25D-FA8315C3576D}.Debug|x64.Build.0 = Debug|Any CPU
		{E89097E8-718D-4A45-B25D-FA8315C3576D}.Release|Any CPU.ActiveCfg = Release|Any CPU
		{E89097E8-718D-4A45-B25D-FA8315C3576D}.Release|Any CPU.Build.0 = Release|Any CPU
		{E89097E8-718D-4A45-B25D-FA8315C3576D}.Release|x64.ActiveCfg = Release|Any CPU
		{E89097E8-718D-4A45-B25D-FA8315C3576D}.Release|x64.Build.0 = Release|Any CPU
		{44224DB7-C518-4F47-AF9B-5D96183BB315}.Debug|Any CPU.ActiveCfg = Debug|Any CPU
		{44224DB7-C518-4F47-AF9B-5D96183BB315}.Debug|Any CPU.Build.0 = Debug|Any CPU
		{44224DB7-C518-4F47-AF9B-5D96183BB315}.Debug|x64.ActiveCfg = Debug|Any CPU
		{44224DB7-C518-4F47-AF9B-5D96183BB315}.Debug|x64.Build.0 = Debug|Any CPU
		{44224DB7-C518-4F47-AF9B-5D96183BB315}.Release|Any CPU.ActiveCfg = Release|Any CPU
		{44224DB7-C518-4F47-AF9B-5D96183BB315}.Release|Any CPU.Build.0 = Release|Any CPU
		{44224DB7-C518-4F47-AF9B-5D96183BB315}.Release|x64.ActiveCfg = Release|Any CPU
		{44224DB7-C518-4F47-AF9B-5D96183BB315}.Release|x64.Build.0 = Release|Any CPU
		{88BBC42F-7715-43E4-800D-31FFD6ADD732}.Debug|Any CPU.ActiveCfg = Debug|Any CPU
		{88BBC42F-7715-43E4-800D-31FFD6ADD732}.Debug|Any CPU.Build.0 = Debug|Any CPU
		{88BBC42F-7715-43E4-800D-31FFD6ADD732}.Debug|x64.ActiveCfg = Debug|Any CPU
		{88BBC42F-7715-43E4-800D-31FFD6ADD732}.Debug|x64.Build.0 = Debug|Any CPU
		{88BBC42F-7715-43E4-800D-31FFD6ADD732}.Release|Any CPU.ActiveCfg = Release|Any CPU
		{88BBC42F-7715-43E4-800D-31FFD6ADD732}.Release|Any CPU.Build.0 = Release|Any CPU
		{88BBC42F-7715-43E4-800D-31FFD6ADD732}.Release|x64.ActiveCfg = Release|Any CPU
		{88BBC42F-7715-43E4-800D-31FFD6ADD732}.Release|x64.Build.0 = Release|Any CPU
		{ABEF19EB-16B7-4F29-8AB6-19B046E26BC6}.Debug|Any CPU.ActiveCfg = Debug|Any CPU
		{ABEF19EB-16B7-4F29-8AB6-19B046E26BC6}.Debug|Any CPU.Build.0 = Debug|Any CPU
		{FB1AE2FD-7C83-4853-8F56-387DA5FD18F3}.Debug|Any CPU.ActiveCfg = Debug|Any CPU
		{FB1AE2FD-7C83-4853-8F56-387DA5FD18F3}.Debug|Any CPU.Build.0 = Debug|Any CPU
		{FB1AE2FD-7C83-4853-8F56-387DA5FD18F3}.Debug|x64.ActiveCfg = Debug|Any CPU
		{FB1AE2FD-7C83-4853-8F56-387DA5FD18F3}.Debug|x64.Build.0 = Debug|Any CPU
		{FB1AE2FD-7C83-4853-8F56-387DA5FD18F3}.Release|Any CPU.ActiveCfg = Release|Any CPU
		{FB1AE2FD-7C83-4853-8F56-387DA5FD18F3}.Release|Any CPU.Build.0 = Release|Any CPU
		{FB1AE2FD-7C83-4853-8F56-387DA5FD18F3}.Release|x64.ActiveCfg = Release|Any CPU
		{FB1AE2FD-7C83-4853-8F56-387DA5FD18F3}.Release|x64.Build.0 = Release|Any CPU
		{3C18F6D7-79D2-4AAD-A610-EA676519B266}.Debug|Any CPU.ActiveCfg = Debug|Any CPU
		{3C18F6D7-79D2-4AAD-A610-EA676519B266}.Debug|Any CPU.Build.0 = Debug|Any CPU
		{3C18F6D7-79D2-4AAD-A610-EA676519B266}.Debug|x64.ActiveCfg = Debug|Any CPU
		{3C18F6D7-79D2-4AAD-A610-EA676519B266}.Debug|x64.Build.0 = Debug|Any CPU
		{3C18F6D7-79D2-4AAD-A610-EA676519B266}.Release|Any CPU.ActiveCfg = Release|Any CPU
		{3C18F6D7-79D2-4AAD-A610-EA676519B266}.Release|Any CPU.Build.0 = Release|Any CPU
		{3C18F6D7-79D2-4AAD-A610-EA676519B266}.Release|x64.ActiveCfg = Release|Any CPU
		{3C18F6D7-79D2-4AAD-A610-EA676519B266}.Release|x64.Build.0 = Release|Any CPU
		{93549934-32CF-4FE1-AF7D-74C9D94D2788}.Debug|Any CPU.ActiveCfg = Debug|Any CPU
		{93549934-32CF-4FE1-AF7D-74C9D94D2788}.Debug|Any CPU.Build.0 = Debug|Any CPU
		{93549934-32CF-4FE1-AF7D-74C9D94D2788}.Debug|x64.ActiveCfg = Debug|Any CPU
		{93549934-32CF-4FE1-AF7D-74C9D94D2788}.Debug|x64.Build.0 = Debug|Any CPU
		{93549934-32CF-4FE1-AF7D-74C9D94D2788}.Release|Any CPU.ActiveCfg = Release|Any CPU
		{93549934-32CF-4FE1-AF7D-74C9D94D2788}.Release|Any CPU.Build.0 = Release|Any CPU
		{93549934-32CF-4FE1-AF7D-74C9D94D2788}.Release|x64.ActiveCfg = Release|Any CPU
		{93549934-32CF-4FE1-AF7D-74C9D94D2788}.Release|x64.Build.0 = Release|Any CPU
		{00D384FB-D209-43C3-BEA3-7723B5ED2914}.Debug|Any CPU.ActiveCfg = Debug|Any CPU
		{00D384FB-D209-43C3-BEA3-7723B5ED2914}.Debug|Any CPU.Build.0 = Debug|Any CPU
		{00D384FB-D209-43C3-BEA3-7723B5ED2914}.Debug|x64.ActiveCfg = Debug|Any CPU
		{00D384FB-D209-43C3-BEA3-7723B5ED2914}.Debug|x64.Build.0 = Debug|Any CPU
		{00D384FB-D209-43C3-BEA3-7723B5ED2914}.Release|Any CPU.ActiveCfg = Release|Any CPU
		{00D384FB-D209-43C3-BEA3-7723B5ED2914}.Release|Any CPU.Build.0 = Release|Any CPU
		{00D384FB-D209-43C3-BEA3-7723B5ED2914}.Release|x64.ActiveCfg = Release|Any CPU
		{00D384FB-D209-43C3-BEA3-7723B5ED2914}.Release|x64.Build.0 = Release|Any CPU
		{41172F76-8A36-47C4-A236-6FDF83B93159}.Debug|Any CPU.ActiveCfg = Debug|Any CPU
		{41172F76-8A36-47C4-A236-6FDF83B93159}.Debug|Any CPU.Build.0 = Debug|Any CPU
		{41172F76-8A36-47C4-A236-6FDF83B93159}.Debug|x64.ActiveCfg = Debug|Any CPU
		{41172F76-8A36-47C4-A236-6FDF83B93159}.Debug|x64.Build.0 = Debug|Any CPU
		{41172F76-8A36-47C4-A236-6FDF83B93159}.Release|Any CPU.ActiveCfg = Release|Any CPU
		{41172F76-8A36-47C4-A236-6FDF83B93159}.Release|Any CPU.Build.0 = Release|Any CPU
		{41172F76-8A36-47C4-A236-6FDF83B93159}.Release|x64.ActiveCfg = Release|Any CPU
		{41172F76-8A36-47C4-A236-6FDF83B93159}.Release|x64.Build.0 = Release|Any CPU
		{13A479A3-39E5-4113-935A-09CF45A1EB14}.Debug|Any CPU.ActiveCfg = Debug|Any CPU
		{13A479A3-39E5-4113-935A-09CF45A1EB14}.Debug|Any CPU.Build.0 = Debug|Any CPU
		{13A479A3-39E5-4113-935A-09CF45A1EB14}.Debug|x64.ActiveCfg = Debug|x64
		{13A479A3-39E5-4113-935A-09CF45A1EB14}.Debug|x64.Build.0 = Debug|x64
		{13A479A3-39E5-4113-935A-09CF45A1EB14}.Release|Any CPU.ActiveCfg = Release|Any CPU
		{13A479A3-39E5-4113-935A-09CF45A1EB14}.Release|Any CPU.Build.0 = Release|Any CPU
		{13A479A3-39E5-4113-935A-09CF45A1EB14}.Release|x64.ActiveCfg = Release|x64
		{13A479A3-39E5-4113-935A-09CF45A1EB14}.Release|x64.Build.0 = Release|x64
		{F87C6627-B66F-4042-9F59-EDB0FB60E043}.Debug|Any CPU.ActiveCfg = Debug|Any CPU
		{F87C6627-B66F-4042-9F59-EDB0FB60E043}.Debug|Any CPU.Build.0 = Debug|Any CPU
		{F87C6627-B66F-4042-9F59-EDB0FB60E043}.Debug|x64.ActiveCfg = Debug|x64
		{F87C6627-B66F-4042-9F59-EDB0FB60E043}.Debug|x64.Build.0 = Debug|x64
		{F87C6627-B66F-4042-9F59-EDB0FB60E043}.Release|Any CPU.ActiveCfg = Release|Any CPU
		{F87C6627-B66F-4042-9F59-EDB0FB60E043}.Release|Any CPU.Build.0 = Release|Any CPU
		{F87C6627-B66F-4042-9F59-EDB0FB60E043}.Release|x64.ActiveCfg = Release|x64
		{F87C6627-B66F-4042-9F59-EDB0FB60E043}.Release|x64.Build.0 = Release|x64
	EndGlobalSection
	GlobalSection(SolutionProperties) = preSolution
		HideSolutionNode = FALSE
	EndGlobalSection
	GlobalSection(NestedProjects) = preSolution
		{8DB30C02-5F6F-42BA-AFB0-710F4344EB91} = {A40FFBE6-8233-4778-8E51-16F03FA3A14A}
		{AB8909CD-99B4-400B-A170-073486FAEDA6} = {A40FFBE6-8233-4778-8E51-16F03FA3A14A}
		{5AA1EEB1-6CE9-46A3-9DD7-5ECF7B25D4C2} = {A40FFBE6-8233-4778-8E51-16F03FA3A14A}
		{9BF3C462-54F4-4878-B40C-7A4BDF1477E1} = {A40FFBE6-8233-4778-8E51-16F03FA3A14A}
		{EE93FAF5-F91E-45ED-8918-3D474A577BE2} = {A40FFBE6-8233-4778-8E51-16F03FA3A14A}
		{3BC02957-B573-4C31-8B3A-B92F8410FFB4} = {A40FFBE6-8233-4778-8E51-16F03FA3A14A}
	EndGlobalSection
	GlobalSection(ExtensibilityGlobals) = postSolution
		SolutionGuid = {EC205FDE-60FB-422D-AFEB-7CFBDE8D2309}
	EndGlobalSection
EndGlobal
